Microsoft Visual Studio Solution File, Format Version 12.00
# Visual Studio Version 17
VisualStudioVersion = 17.0.31903.59
MinimumVisualStudioVersion = 10.0.40219.1
Project("{6CAC6EBB-3E09-4DD6-8E32-19D996365D69}") = "Project_771a631af20744d8a9e9e47462c5818e_20250601200320367589", "Project_771a631af20744d8a9e9e47462c5818e_20250601200320367589.csproj", "{6CAC6EBB-3E09-4DD6-8E32-19D996365D69}"
EndProject
Global
    GlobalSection(SolutionConfigurationPlatforms) = preSolution
        Debug|Any CPU = Debug|Any CPU
        Release|Any CPU = Release|Any CPU
    EndGlobalSection
    GlobalSection(ProjectConfigurationPlatforms) = postSolution
        {6CAC6EBB-3E09-4DD6-8E32-19D996365D69}.Debug|Any CPU.ActiveCfg = Debug|Any CPU
        {6CAC6EBB-3E09-4DD6-8E32-19D996365D69}.Debug|Any CPU.Build.0 = Debug|Any CPU
        {6CAC6EBB-3E09-4DD6-8E32-19D996365D69}.Release|Any CPU.ActiveCfg = Release|Any CPU
        {6CAC6EBB-3E09-4DD6-8E32-19D996365D69}.Release|Any CPU.Build.0 = Release|Any CPU
    EndGlobalSection
EndGlobal